// !$*UTF8*$!
{
	archiveVersion = 1;
	classes = {
	};
	objectVersion = 46;
	objects = {

/* Begin PBXBuildFile section */
		B86F6A791A93171D0072BA42 /* main.m in Sources */ = {isa = PBXBuildFile; fileRef = B86F6A781A93171D0072BA42 /* main.m */; };
		B86F6A7C1A93171D0072BA42 /* AppDelegate.m in Sources */ = {isa = PBXBuildFile; fileRef = B86F6A7B1A93171D0072BA42 /* AppDelegate.m */; };
		B86F6A7F1A93171D0072BA42 /* Stacked.xcdatamodeld in Sources */ = {isa = PBXBuildFile; fileRef = B86F6A7D1A93171D0072BA42 /* Stacked.xcdatamodeld */; };
		B86F6A851A93171D0072BA42 /* Main.storyboard in Resources */ = {isa = PBXBuildFile; fileRef = B86F6A831A93171D0072BA42 /* Main.storyboard */; };
		B86F6A871A93171D0072BA42 /* Images.xcassets in Resources */ = {isa = PBXBuildFile; fileRef = B86F6A861A93171D0072BA42 /* Images.xcassets */; };
		B86F6A8A1A93171D0072BA42 /* LaunchScreen.xib in Resources */ = {isa = PBXBuildFile; fileRef = B86F6A881A93171D0072BA42 /* LaunchScreen.xib */; };
		B86F6A961A93171D0072BA42 /* StackedTests.m in Sources */ = {isa = PBXBuildFile; fileRef = B86F6A951A93171D0072BA42 /* StackedTests.m */; };
		B86F6AA11A9317C40072BA42 /* BurgerContainerViewController.m in Sources */ = {isa = PBXBuildFile; fileRef = B86F6AA01A9317C40072BA42 /* BurgerContainerViewController.m */; };
		B86F6AA71A93180A0072BA42 /* WebOAuthViewController.m in Sources */ = {isa = PBXBuildFile; fileRef = B86F6AA61A93180A0072BA42 /* WebOAuthViewController.m */; };
		B86F6AAA1A9318310072BA42 /* MenuTableViewController.m in Sources */ = {isa = PBXBuildFile; fileRef = B86F6AA91A9318310072BA42 /* MenuTableViewController.m */; };
		B8FCC4E21A95447300BD5D28 /* ProfileViewController.m in Sources */ = {isa = PBXBuildFile; fileRef = B8FCC4E11A95447300BD5D28 /* ProfileViewController.m */; settings = {COMPILER_FLAGS = "-fno-objc-arc"; }; };
		B8FCC4E51A95449B00BD5D28 /* WebOAuthViewController.m in Sources */ = {isa = PBXBuildFile; fileRef = B8FCC4E41A95449B00BD5D28 /* WebOAuthViewController.m */; };
		B8FCC4E81A9544B800BD5D28 /* SearchQuestionsViewController.m in Sources */ = {isa = PBXBuildFile; fileRef = B8FCC4E71A9544B800BD5D28 /* SearchQuestionsViewController.m */; };
		B8FCC4EC1A954F1B00BD5D28 /* Constants.m in Sources */ = {isa = PBXBuildFile; fileRef = B8FCC4EB1A954F1B00BD5D28 /* Constants.m */; };
/* End PBXBuildFile section */

/* Begin PBXContainerItemProxy section */
		B86F6A901A93171D0072BA42 /* PBXContainerItemProxy */ = {
			isa = PBXContainerItemProxy;
			containerPortal = B86F6A6B1A93171D0072BA42 /* Project object */;
			proxyType = 1;
			remoteGlobalIDString = B86F6A721A93171D0072BA42;
			remoteInfo = Stacked;
		};
/* End PBXContainerItemProxy section */

/* Begin PBXFileReference section */
		B86F6A731A93171D0072BA42 /* Stacked.app */ = {isa = PBXFileReference; explicitFileType = wrapper.application; includeInIndex = 0; path = Stacked.app; sourceTree = BUILT_PRODUCTS_DIR; };
		B86F6A771A93171D0072BA42 /* Info.plist */ = {isa = PBXFileReference; lastKnownFileType = text.plist.xml; path = Info.plist; sourceTree = "<group>"; };
		B86F6A781A93171D0072BA42 /* main.m */ = {isa = PBXFileReference; lastKnownFileType = sourcecode.c.objc; path = main.m; sourceTree = "<group>"; };
		B86F6A7A1A93171D0072BA42 /* AppDelegate.h */ = {isa = PBXFileReference; lastKnownFileType = sourcecode.c.h; path = AppDelegate.h; sourceTree = "<group>"; };
		B86F6A7B1A93171D0072BA42 /* AppDelegate.m */ = {isa = PBXFileReference; lastKnownFileType = sourcecode.c.objc; path = AppDelegate.m; sourceTree = "<group>"; };
		B86F6A7E1A93171D0072BA42 /* Stacked.xcdatamodel */ = {isa = PBXFileReference; lastKnownFileType = wrapper.xcdatamodel; path = Stacked.xcdatamodel; sourceTree = "<group>"; };
		B86F6A841A93171D0072BA42 /* Base */ = {isa = PBXFileReference; lastKnownFileType = file.storyboard; name = Base; path = Base.lproj/Main.storyboard; sourceTree = "<group>"; };
		B86F6A861A93171D0072BA42 /* Images.xcassets */ = {isa = PBXFileReference; lastKnownFileType = folder.assetcatalog; path = Images.xcassets; sourceTree = "<group>"; };
		B86F6A891A93171D0072BA42 /* Base */ = {isa = PBXFileReference; lastKnownFileType = file.xib; name = Base; path = Base.lproj/LaunchScreen.xib; sourceTree = "<group>"; };
		B86F6A8F1A93171D0072BA42 /* StackedTests.xctest */ = {isa = PBXFileReference; explicitFileType = wrapper.cfbundle; includeInIndex = 0; path = StackedTests.xctest; sourceTree = BUILT_PRODUCTS_DIR; };
		B86F6A941A93171D0072BA42 /* Info.plist */ = {isa = PBXFileReference; lastKnownFileType = text.plist.xml; path = Info.plist; sourceTree = "<group>"; };
		B86F6A951A93171D0072BA42 /* StackedTests.m */ = {isa = PBXFileReference; lastKnownFileType = sourcecode.c.objc; path = StackedTests.m; sourceTree = "<group>"; };
		B86F6A9F1A9317C40072BA42 /* BurgerContainerViewController.h */ = {isa = PBXFileReference; fileEncoding = 4; lastKnownFileType = sourcecode.c.h; name = BurgerContainerViewController.h; path = ../BurgerContainerViewController.h; sourceTree = "<group>"; };
		B86F6AA01A9317C40072BA42 /* BurgerContainerViewController.m */ = {isa = PBXFileReference; fileEncoding = 4; lastKnownFileType = sourcecode.c.objc; name = BurgerContainerViewController.m; path = ../BurgerContainerViewController.m; sourceTree = "<group>"; };
		B86F6AA51A93180A0072BA42 /* WebOAuthViewController.h */ = {isa = PBXFileReference; fileEncoding = 4; lastKnownFileType = sourcecode.c.h; name = WebOAuthViewController.h; path = ../WebOAuthViewController.h; sourceTree = "<group>"; };
		B86F6AA61A93180A0072BA42 /* WebOAuthViewController.m */ = {isa = PBXFileReference; fileEncoding = 4; lastKnownFileType = sourcecode.c.objc; name = WebOAuthViewController.m; path = ../WebOAuthViewController.m; sourceTree = "<group>"; };
		B86F6AA81A9318310072BA42 /* MenuTableViewController.h */ = {isa = PBXFileReference; fileEncoding = 4; lastKnownFileType = sourcecode.c.h; name = MenuTableViewController.h; path = ../MenuTableViewController.h; sourceTree = "<group>"; };
		B86F6AA91A9318310072BA42 /* MenuTableViewController.m */ = {isa = PBXFileReference; fileEncoding = 4; lastKnownFileType = sourcecode.c.objc; name = MenuTableViewController.m; path = ../MenuTableViewController.m; sourceTree = "<group>"; };
		B8FCC4E01A95447300BD5D28 /* ProfileViewController.h */ = {isa = PBXFileReference; fileEncoding = 4; lastKnownFileType = sourcecode.c.h; path = ProfileViewController.h; sourceTree = "<group>"; };
		B8FCC4E11A95447300BD5D28 /* ProfileViewController.m */ = {isa = PBXFileReference; fileEncoding = 4; lastKnownFileType = sourcecode.c.objc; path = ProfileViewController.m; sourceTree = "<group>"; };
		B8FCC4E31A95449B00BD5D28 /* WebOAuthViewController.h */ = {isa = PBXFileReference; fileEncoding = 4; lastKnownFileType = sourcecode.c.h; path = WebOAuthViewController.h; sourceTree = "<group>"; };
		B8FCC4E41A95449B00BD5D28 /* WebOAuthViewController.m */ = {isa = PBXFileReference; fileEncoding = 4; lastKnownFileType = sourcecode.c.objc; path = WebOAuthViewController.m; sourceTree = "<group>"; };
		B8FCC4E61A9544B800BD5D28 /* SearchQuestionsViewController.h */ = {isa = PBXFileReference; fileEncoding = 4; lastKnownFileType = sourcecode.c.h; path = SearchQuestionsViewController.h; sourceTree = "<group>"; };
		B8FCC4E71A9544B800BD5D28 /* SearchQuestionsViewController.m */ = {isa = PBXFileReference; fileEncoding = 4; lastKnownFileType = sourcecode.c.objc; path = SearchQuestionsViewController.m; sourceTree = "<group>"; };
		B8FCC4E91A954DE600BD5D28 /* MenuPressedDelegate.h */ = {isa = PBXFileReference; fileEncoding = 4; lastKnownFileType = sourcecode.c.h; path = MenuPressedDelegate.h; sourceTree = "<group>"; };
		B8FCC4EA1A954F0800BD5D28 /* Constants.h */ = {isa = PBXFileReference; lastKnownFileType = sourcecode.c.h; path = Constants.h; sourceTree = "<group>"; };
		B8FCC4EB1A954F1B00BD5D28 /* Constants.m */ = {isa = PBXFileReference; fileEncoding = 4; lastKnownFileType = sourcecode.c.objc; path = Constants.m; sourceTree = "<group>"; };
/* End PBXFileReference section */

/* Begin PBXFrameworksBuildPhase section */
		B86F6A701A93171D0072BA42 /* Frameworks */ = {
			isa = PBXFrameworksBuildPhase;
			buildActionMask = 2147483647;
			files = (
			);
			runOnlyForDeploymentPostprocessing = 0;
		};
		B86F6A8C1A93171D0072BA42 /* Frameworks */ = {
			isa = PBXFrameworksBuildPhase;
			buildActionMask = 2147483647;
			files = (
			);
			runOnlyForDeploymentPostprocessing = 0;
		};
/* End PBXFrameworksBuildPhase section */

/* Begin PBXGroup section */
		B86F6A6A1A93171D0072BA42 = {
			isa = PBXGroup;
			children = (
				B86F6A751A93171D0072BA42 /* Stacked */,
				B86F6A921A93171D0072BA42 /* StackedTests */,
				B86F6A741A93171D0072BA42 /* Products */,
			);
			sourceTree = "<group>";
		};
		B86F6A741A93171D0072BA42 /* Products */ = {
			isa = PBXGroup;
			children = (
				B86F6A731A93171D0072BA42 /* Stacked.app */,
				B86F6A8F1A93171D0072BA42 /* StackedTests.xctest */,
			);
			name = Products;
			sourceTree = "<group>";
		};
		B86F6A751A93171D0072BA42 /* Stacked */ = {
			isa = PBXGroup;
			children = (
				B8FCC4E91A954DE600BD5D28 /* MenuPressedDelegate.h */,
				B86F6A9F1A9317C40072BA42 /* BurgerContainerViewController.h */,
				B86F6AA01A9317C40072BA42 /* BurgerContainerViewController.m */,
				B8FCC4E01A95447300BD5D28 /* ProfileViewController.h */,
				B8FCC4E11A95447300BD5D28 /* ProfileViewController.m */,
				B8FCC4E31A95449B00BD5D28 /* WebOAuthViewController.h */,
				B8FCC4E41A95449B00BD5D28 /* WebOAuthViewController.m */,
				B8FCC4E61A9544B800BD5D28 /* SearchQuestionsViewController.h */,
				B8FCC4E71A9544B800BD5D28 /* SearchQuestionsViewController.m */,
				B86F6AA81A9318310072BA42 /* MenuTableViewController.h */,
				B86F6AA91A9318310072BA42 /* MenuTableViewController.m */,
				B8FCC4EA1A954F0800BD5D28 /* Constants.h */,
				B8FCC4EB1A954F1B00BD5D28 /* Constants.m */,
				B86F6AA51A93180A0072BA42 /* WebOAuthViewController.h */,
				B86F6AA61A93180A0072BA42 /* WebOAuthViewController.m */,
				B86F6A7A1A93171D0072BA42 /* AppDelegate.h */,
				B86F6A7B1A93171D0072BA42 /* AppDelegate.m */,
				B86F6A831A93171D0072BA42 /* Main.storyboard */,
				B86F6A861A93171D0072BA42 /* Images.xcassets */,
				B86F6A881A93171D0072BA42 /* LaunchScreen.xib */,
				B86F6A7D1A93171D0072BA42 /* Stacked.xcdatamodeld */,
				B86F6A761A93171D0072BA42 /* Supporting Files */,
			);
			path = Stacked;
			sourceTree = "<group>";
		};
		B86F6A761A93171D0072BA42 /* Supporting Files */ = {
			isa = PBXGroup;
			children = (
				B86F6A771A93171D0072BA42 /* Info.plist */,
				B86F6A781A93171D0072BA42 /* main.m */,
			);
			name = "Supporting Files";
			sourceTree = "<group>";
		};
		B86F6A921A93171D0072BA42 /* StackedTests */ = {
			isa = PBXGroup;
			children = (
				B86F6A951A93171D0072BA42 /* StackedTests.m */,
				B86F6A931A93171D0072BA42 /* Supporting Files */,
			);
			path = StackedTests;
			sourceTree = "<group>";
		};
		B86F6A931A93171D0072BA42 /* Supporting Files */ = {
			isa = PBXGroup;
			children = (
				B86F6A941A93171D0072BA42 /* Info.plist */,
			);
			name = "Supporting Files";
			sourceTree = "<group>";
		};
/* End PBXGroup section */

/* Begin PBXNativeTarget section */
		B86F6A721A93171D0072BA42 /* Stacked */ = {
			isa = PBXNativeTarget;
			buildConfigurationList = B86F6A991A93171D0072BA42 /* Build configuration list for PBXNativeTarget "Stacked" */;
			buildPhases = (
				B86F6A6F1A93171D0072BA42 /* Sources */,
				B86F6A701A93171D0072BA42 /* Frameworks */,
				B86F6A711A93171D0072BA42 /* Resources */,
			);
			buildRules = (
			);
			dependencies = (
			);
			name = Stacked;
			productName = Stacked;
			productReference = B86F6A731A93171D0072BA42 /* Stacked.app */;
			productType = "com.apple.product-type.application";
		};
		B86F6A8E1A93171D0072BA42 /* StackedTests */ = {
			isa = PBXNativeTarget;
			buildConfigurationList = B86F6A9C1A93171D0072BA42 /* Build configuration list for PBXNativeTarget "StackedTests" */;
			buildPhases = (
				B86F6A8B1A93171D0072BA42 /* Sources */,
				B86F6A8C1A93171D0072BA42 /* Frameworks */,
				B86F6A8D1A93171D0072BA42 /* Resources */,
			);
			buildRules = (
			);
			dependencies = (
				B86F6A911A93171D0072BA42 /* PBXTargetDependency */,
			);
			name = StackedTests;
			productName = StackedTests;
			productReference = B86F6A8F1A93171D0072BA42 /* StackedTests.xctest */;
			productType = "com.apple.product-type.bundle.unit-test";
		};
/* End PBXNativeTarget section */

/* Begin PBXProject section */
		B86F6A6B1A93171D0072BA42 /* Project object */ = {
			isa = PBXProject;
			attributes = {
				LastUpgradeCheck = 0620;
				ORGANIZATIONNAME = Sherwood;
				TargetAttributes = {
					B86F6A721A93171D0072BA42 = {
						CreatedOnToolsVersion = 6.2;
					};
					B86F6A8E1A93171D0072BA42 = {
						CreatedOnToolsVersion = 6.2;
						TestTargetID = B86F6A721A93171D0072BA42;
					};
				};
			};
			buildConfigurationList = B86F6A6E1A93171D0072BA42 /* Build configuration list for PBXProject "Stacked" */;
			compatibilityVersion = "Xcode 3.2";
			developmentRegion = English;
			hasScannedForEncodings = 0;
			knownRegions = (
				en,
				Base,
			);
			mainGroup = B86F6A6A1A93171D0072BA42;
			productRefGroup = B86F6A741A93171D0072BA42 /* Products */;
			projectDirPath = "";
			projectRoot = "";
			targets = (
				B86F6A721A93171D0072BA42 /* Stacked */,
				B86F6A8E1A93171D0072BA42 /* StackedTests */,
			);
		};
/* End PBXProject section */

/* Begin PBXResourcesBuildPhase section */
		B86F6A711A93171D0072BA42 /* Resources */ = {
			isa = PBXResourcesBuildPhase;
			buildActionMask = 2147483647;
			files = (
				B86F6A851A93171D0072BA42 /* Main.storyboard in Resources */,
				B86F6A8A1A93171D0072BA42 /* LaunchScreen.xib in Resources */,
				B86F6A871A93171D0072BA42 /* Images.xcassets in Resources */,
			);
			runOnlyForDeploymentPostprocessing = 0;
		};
		B86F6A8D1A93171D0072BA42 /* Resources */ = {
			isa = PBXResourcesBuildPhase;
			buildActionMask = 2147483647;
			files = (
			);
			runOnlyForDeploymentPostprocessing = 0;
		};
/* End PBXResourcesBuildPhase section */

/* Begin PBXSourcesBuildPhase section */
		B86F6A6F1A93171D0072BA42 /* Sources */ = {
			isa = PBXSourcesBuildPhase;
			buildActionMask = 2147483647;
			files = (
				B86F6AA71A93180A0072BA42 /* WebOAuthViewController.m in Sources */,
				B8FCC4E51A95449B00BD5D28 /* WebOAuthViewController.m in Sources */,
				B86F6A7C1A93171D0072BA42 /* AppDelegate.m in Sources */,
				B86F6AA11A9317C40072BA42 /* BurgerContainerViewController.m in Sources */,
				B86F6A791A93171D0072BA42 /* main.m in Sources */,
				B8FCC4EC1A954F1B00BD5D28 /* Constants.m in Sources */,
				B8FCC4E21A95447300BD5D28 /* ProfileViewController.m in Sources */,
				B86F6AAA1A9318310072BA42 /* MenuTableViewController.m in Sources */,
				B8FCC4E81A9544B800BD5D28 /* SearchQuestionsViewController.m in Sources */,
				B86F6A7F1A93171D0072BA42 /* Stacked.xcdatamodeld in Sources */,
			);
			runOnlyForDeploymentPostprocessing = 0;
		};
		B86F6A8B1A93171D0072BA42 /* Sources */ = {
			isa = PBXSourcesBuildPhase;
			buildActionMask = 2147483647;
			files = (
				B86F6A961A93171D0072BA42 /* StackedTests.m in Sources */,
			);
			runOnlyForDeploymentPostprocessing = 0;
		};
/* End PBXSourcesBuildPhase section */

/* Begin PBXTargetDependency section */
		B86F6A911A93171D0072BA42 /* PBXTargetDependency */ = {
			isa = PBXTargetDependency;
			target = B86F6A721A93171D0072BA42 /* Stacked */;
			targetProxy = B86F6A901A93171D0072BA42 /* PBXContainerItemProxy */;
		};
/* End PBXTargetDependency section */

/* Begin PBXVariantGroup section */
		B86F6A831A93171D0072BA42 /* Main.storyboard */ = {
			isa = PBXVariantGroup;
			children = (
				B86F6A841A93171D0072BA42 /* Base */,
			);
			name = Main.storyboard;
			sourceTree = "<group>";
		};
		B86F6A881A93171D0072BA42 /* LaunchScreen.xib */ = {
			isa = PBXVariantGroup;
			children = (
				B86F6A891A93171D0072BA42 /* Base */,
			);
			name = LaunchScreen.xib;
			sourceTree = "<group>";
		};
/* End PBXVariantGroup section */

/* Begin XCBuildConfiguration section */
		B86F6A971A93171D0072BA42 /* Debug */ = {
			isa = XCBuildConfiguration;
			buildSettings = {
				ALWAYS_SEARCH_USER_PATHS = NO;
				CLANG_CXX_LANGUAGE_STANDARD = "gnu++0x";
				CLANG_CXX_LIBRARY = "libc++";
				CLANG_ENABLE_MODULES = YES;
				CLANG_ENABLE_OBJC_ARC = YES;
				CLANG_WARN_BOOL_CONVERSION = YES;
				CLANG_WARN_CONSTANT_CONVERSION = YES;
				CLANG_WARN_DIRECT_OBJC_ISA_USAGE = YES_ERROR;
				CLANG_WARN_EMPTY_BODY = YES;
				CLANG_WARN_ENUM_CONVERSION = YES;
				CLANG_WARN_INT_CONVERSION = YES;
				CLANG_WARN_OBJC_ROOT_CLASS = YES_ERROR;
				CLANG_WARN_UNREACHABLE_CODE = YES;
				CLANG_WARN__DUPLICATE_METHOD_MATCH = YES;
				"CODE_SIGN_IDENTITY[sdk=iphoneos*]" = "iPhone Developer";
				COPY_PHASE_STRIP = NO;
				ENABLE_STRICT_OBJC_MSGSEND = YES;
				GCC_C_LANGUAGE_STANDARD = gnu99;
				GCC_DYNAMIC_NO_PIC = NO;
				GCC_OPTIMIZATION_LEVEL = 0;
				GCC_PREPROCESSOR_DEFINITIONS = (
					"DEBUG=1",
					"$(inherited)",
				);
				GCC_SYMBOLS_PRIVATE_EXTERN = NO;
				GCC_WARN_64_TO_32_BIT_CONVERSION = YES;
				GCC_WARN_ABOUT_RETURN_TYPE = YES_ERROR;
				GCC_WARN_UNDECLARED_SELECTOR = YES;
				GCC_WARN_UNINITIALIZED_AUTOS = YES_AGGRESSIVE;
				GCC_WARN_UNUSED_FUNCTION = YES;
				GCC_WARN_UNUSED_VARIABLE = YES;
				IPHONEOS_DEPLOYMENT_TARGET = 8.2;
				MTL_ENABLE_DEBUG_INFO = YES;
				ONLY_ACTIVE_ARCH = YES;
				SDKROOT = iphoneos;
				TARGETED_DEVICE_FAMILY = "1,2";
			};
			name = Debug;
		};
		B86F6A981A93171D0072BA42 /* Release */ = {
			isa = XCBuildConfiguration;
			buildSettings = {
				ALWAYS_SEARCH_USER_PATHS = NO;
				CLANG_CXX_LANGUAGE_STANDARD = "gnu++0x";
				CLANG_CXX_LIBRARY = "libc++";
				CLANG_ENABLE_MODULES = YES;
				CLANG_ENABLE_OBJC_ARC = YES;
				CLANG_WARN_BOOL_CONVERSION = YES;
				CLANG_WARN_CONSTANT_CONVERSION = YES;
				CLANG_WARN_DIRECT_OBJC_ISA_USAGE = YES_ERROR;
				CLANG_WARN_EMPTY_BODY = YES;
				CLANG_WARN_ENUM_CONVERSION = YES;
				CLANG_WARN_INT_CONVERSION = YES;
				CLANG_WARN_OBJC_ROOT_CLASS = YES_ERROR;
				CLANG_WARN_UNREACHABLE_CODE = YES;
				CLANG_WARN__DUPLICATE_METHOD_MATCH = YES;
				"CODE_SIGN_IDENTITY[sdk=iphoneos*]" = "iPhone Developer";
				COPY_PHASE_STRIP = NO;
				ENABLE_NS_ASSERTIONS = NO;
				ENABLE_STRICT_OBJC_MSGSEND = YES;
				GCC_C_LANGUAGE_STANDARD = gnu99;
				GCC_WARN_64_TO_32_BIT_CONVERSION = YES;
				GCC_WARN_ABOUT_RETURN_TYPE = YES_ERROR;
				GCC_WARN_UNDECLARED_SELECTOR = YES;
				GCC_WARN_UNINITIALIZED_AUTOS = YES_AGGRESSIVE;
				GCC_WARN_UNUSED_FUNCTION = YES;
				GCC_WARN_UNUSED_VARIABLE = YES;
				IPHONEOS_DEPLOYMENT_TARGET = 8.2;
				MTL_ENABLE_DEBUG_INFO = NO;
				SDKROOT = iphoneos;
				TARGETED_DEVICE_FAMILY = "1,2";
				VALIDATE_PRODUCT = YES;
			};
			name = Release;
		};
		B86F6A9A1A93171D0072BA42 /* Debug */ = {
			isa = XCBuildConfiguration;
			buildSettings = {
				ASSETCATALOG_COMPILER_APPICON_NAME = AppIcon;
				INFOPLIST_FILE = Stacked/Info.plist;
				LD_RUNPATH_SEARCH_PATHS = "$(inherited) @executable_path/Frameworks";
				PRODUCT_NAME = "$(TARGET_NAME)";
			};
			name = Debug;
		};
		B86F6A9B1A93171D0072BA42 /* Release */ = {
			isa = XCBuildConfiguration;
			buildSettings = {
				ASSETCATALOG_COMPILER_APPICON_NAME = AppIcon;
				INFOPLIST_FILE = Stacked/Info.plist;
				LD_RUNPATH_SEARCH_PATHS = "$(inherited) @executable_path/Frameworks";
				PRODUCT_NAME = "$(TARGET_NAME)";
			};
			name = Release;
		};
		B86F6A9D1A93171D0072BA42 /* Debug */ = {
			isa = XCBuildConfiguration;
			buildSettings = {
				BUNDLE_LOADER = "$(TEST_HOST)";
				FRAMEWORK_SEARCH_PATHS = (
					"$(SDKROOT)/Developer/Library/Frameworks",
					"$(inherited)",
				);
				GCC_PREPROCESSOR_DEFINITIONS = (
					"DEBUG=1",
					"$(inherited)",
				);
				INFOPLIST_FILE = StackedTests/Info.plist;
				LD_RUNPATH_SEARCH_PATHS = "$(inherited) @executable_path/Frameworks @loader_path/Frameworks";
				PRODUCT_NAME = "$(TARGET_NAME)";
				TEST_HOST = "$(BUILT_PRODUCTS_DIR)/Stacked.app/Stacked";
			};
			name = Debug;
		};
		B86F6A9E1A93171D0072BA42 /* Release */ = {
			isa = XCBuildConfiguration;
			buildSettings = {
				BUNDLE_LOADER = "$(TEST_HOST)";
				FRAMEWORK_SEARCH_PATHS = (
					"$(SDKROOT)/Developer/Library/Frameworks",
					"$(inherited)",
				);
				INFOPLIST_FILE = StackedTests/Info.plist;
				LD_RUNPATH_SEARCH_PATHS = "$(inherited) @executable_path/Frameworks @loader_path/Frameworks";
				PRODUCT_NAME = "$(TARGET_NAME)";
				TEST_HOST = "$(BUILT_PRODUCTS_DIR)/Stacked.app/Stacked";
			};
			name = Release;
		};
/* End XCBuildConfiguration section */

/* Begin XCConfigurationList section */
		B86F6A6E1A93171D0072BA42 /* Build configuration list for PBXProject "Stacked" */ = {
			isa = XCConfigurationList;
			buildConfigurations = (
				B86F6A971A93171D0072BA42 /* Debug */,
				B86F6A981A93171D0072BA42 /* Release */,
			);
			defaultConfigurationIsVisible = 0;
			defaultConfigurationName = Release;
		};
		B86F6A991A93171D0072BA42 /* Build configuration list for PBXNativeTarget "Stacked" */ = {
			isa = XCConfigurationList;
			buildConfigurations = (
				B86F6A9A1A93171D0072BA42 /* Debug */,
				B86F6A9B1A93171D0072BA42 /* Release */,
			);
			defaultConfigurationIsVisible = 0;
			defaultConfigurationName = Release;
		};
		B86F6A9C1A93171D0072BA42 /* Build configuration list for PBXNativeTarget "StackedTests" */ = {
			isa = XCConfigurationList;
			buildConfigurations = (
				B86F6A9D1A93171D0072BA42 /* Debug */,
				B86F6A9E1A93171D0072BA42 /* Release */,
			);
			defaultConfigurationIsVisible = 0;
			defaultConfigurationName = Release;
		};
/* End XCConfigurationList section */

/* Begin XCVersionGroup section */
		B86F6A7D1A93171D0072BA42 /* Stacked.xcdatamodeld */ = {
			isa = XCVersionGroup;
			children = (
				B86F6A7E1A93171D0072BA42 /* Stacked.xcdatamodel */,
			);
			currentVersion = B86F6A7E1A93171D0072BA42 /* Stacked.xcdatamodel */;
			path = Stacked.xcdatamodeld;
			sourceTree = "<group>";
			versionGroupType = wrapper.xcdatamodel;
		};
/* End XCVersionGroup section */
	};
	rootObject = B86F6A6B1A93171D0072BA42 /* Project object */;
}
